// !$*UTF8*$!
{
	archiveVersion = 1;
	classes = {
	};
	objectVersion = 50;
	objects = {

/* Begin PBXBuildFile section */
		CAB2CCF42356FB7400F6D4F8 /* AppDelegate.swift in Sources */ = {isa = PBXBuildFile; fileRef = CAB2CCF32356FB7400F6D4F8 /* AppDelegate.swift */; };
		CAB2CCF62356FB7400F6D4F8 /* SceneDelegate.swift in Sources */ = {isa = PBXBuildFile; fileRef = CAB2CCF52356FB7400F6D4F8 /* SceneDelegate.swift */; };
		CAB2CCF82356FB7400F6D4F8 /* ContentView.swift in Sources */ = {isa = PBXBuildFile; fileRef = CAB2CCF72356FB7400F6D4F8 /* ContentView.swift */; };
		CAB2CCFA2356FB7500F6D4F8 /* Assets.xcassets in Resources */ = {isa = PBXBuildFile; fileRef = CAB2CCF92356FB7500F6D4F8 /* Assets.xcassets */; };
		CAB2CCFD2356FB7500F6D4F8 /* Preview Assets.xcassets in Resources */ = {isa = PBXBuildFile; fileRef = CAB2CCFC2356FB7500F6D4F8 /* Preview Assets.xcassets */; };
		CAB2CD002356FB7500F6D4F8 /* LaunchScreen.storyboard in Resources */ = {isa = PBXBuildFile; fileRef = CAB2CCFE2356FB7500F6D4F8 /* LaunchScreen.storyboard */; };
		CAB2CD09235701A000F6D4F8 /* NetworkManager.swift in Sources */ = {isa = PBXBuildFile; fileRef = CAB2CD08235701A000F6D4F8 /* NetworkManager.swift */; };
		CAB2CD0B235702EE00F6D4F8 /* PostData.swift in Sources */ = {isa = PBXBuildFile; fileRef = CAB2CD0A235702EE00F6D4F8 /* PostData.swift */; };
		CAD82D412357108200933E9F /* DetailView.swift in Sources */ = {isa = PBXBuildFile; fileRef = CAD82D402357108200933E9F /* DetailView.swift */; };
		CAD82D432357142200933E9F /* WebView.swift in Sources */ = {isa = PBXBuildFile; fileRef = CAD82D422357142200933E9F /* WebView.swift */; };
/* End PBXBuildFile section */

/* Begin PBXFileReference section */
		CAB2CCF02356FB7400F6D4F8 /* news from algolia.app */ = {isa = PBXFileReference; explicitFileType = wrapper.application; includeInIndex = 0; path = "news from algolia.app"; sourceTree = BUILT_PRODUCTS_DIR; };
		CAB2CCF32356FB7400F6D4F8 /* AppDelegate.swift */ = {isa = PBXFileReference; lastKnownFileType = sourcecode.swift; path = AppDelegate.swift; sourceTree = "<group>"; };
		CAB2CCF52356FB7400F6D4F8 /* SceneDelegate.swift */ = {isa = PBXFileReference; lastKnownFileType = sourcecode.swift; path = SceneDelegate.swift; sourceTree = "<group>"; };
		CAB2CCF72356FB7400F6D4F8 /* ContentView.swift */ = {isa = PBXFileReference; lastKnownFileType = sourcecode.swift; path = ContentView.swift; sourceTree = "<group>"; };
		CAB2CCF92356FB7500F6D4F8 /* Assets.xcassets */ = {isa = PBXFileReference; lastKnownFileType = folder.assetcatalog; path = Assets.xcassets; sourceTree = "<group>"; };
		CAB2CCFC2356FB7500F6D4F8 /* Preview Assets.xcassets */ = {isa = PBXFileReference; lastKnownFileType = folder.assetcatalog; path = "Preview Assets.xcassets"; sourceTree = "<group>"; };
		CAB2CCFF2356FB7500F6D4F8 /* Base */ = {isa = PBXFileReference; lastKnownFileType = file.storyboard; name = Base; path = Base.lproj/LaunchScreen.storyboard; sourceTree = "<group>"; };
		CAB2CD012356FB7500F6D4F8 /* Info.plist */ = {isa = PBXFileReference; lastKnownFileType = text.plist.xml; path = Info.plist; sourceTree = "<group>"; };
		CAB2CD08235701A000F6D4F8 /* NetworkManager.swift */ = {isa = PBXFileReference; lastKnownFileType = sourcecode.swift; path = NetworkManager.swift; sourceTree = "<group>"; };
		CAB2CD0A235702EE00F6D4F8 /* PostData.swift */ = {isa = PBXFileReference; lastKnownFileType = sourcecode.swift; path = PostData.swift; sourceTree = "<group>"; };
		CAD82D402357108200933E9F /* DetailView.swift */ = {isa = PBXFileReference; lastKnownFileType = sourcecode.swift; path = DetailView.swift; sourceTree = "<group>"; };
		CAD82D422357142200933E9F /* WebView.swift */ = {isa = PBXFileReference; lastKnownFileType = sourcecode.swift; path = WebView.swift; sourceTree = "<group>"; };
/* End PBXFileReference section */

/* Begin PBXFrameworksBuildPhase section */
		CAB2CCED2356FB7400F6D4F8 /* Frameworks */ = {
			isa = PBXFrameworksBuildPhase;
			buildActionMask = 2147483647;
			files = (
			);
			runOnlyForDeploymentPostprocessing = 0;
		};
/* End PBXFrameworksBuildPhase section */

/* Begin PBXGroup section */
		CAB2CCE72356FB7400F6D4F8 = {
			isa = PBXGroup;
			children = (
				CAB2CCF22356FB7400F6D4F8 /* news from algolia */,
				CAB2CCF12356FB7400F6D4F8 /* Products */,
			);
			sourceTree = "<group>";
		};
		CAB2CCF12356FB7400F6D4F8 /* Products */ = {
			isa = PBXGroup;
			children = (
				CAB2CCF02356FB7400F6D4F8 /* news from algolia.app */,
			);
			name = Products;
			sourceTree = "<group>";
		};
		CAB2CCF22356FB7400F6D4F8 /* news from algolia */ = {
			isa = PBXGroup;
			children = (
				CAB2CCF32356FB7400F6D4F8 /* AppDelegate.swift */,
				CAB2CCF52356FB7400F6D4F8 /* SceneDelegate.swift */,
				CAD82D3F2357106900933E9F /* Views */,
				CAB2CD072357017F00F6D4F8 /* Models */,
				CAB2CCF92356FB7500F6D4F8 /* Assets.xcassets */,
				CAB2CCFE2356FB7500F6D4F8 /* LaunchScreen.storyboard */,
				CAB2CD012356FB7500F6D4F8 /* Info.plist */,
				CAB2CCFB2356FB7500F6D4F8 /* Preview Content */,
			);
			path = "news from algolia";
			sourceTree = "<group>";
		};
		CAB2CCFB2356FB7500F6D4F8 /* Preview Content */ = {
			isa = PBXGroup;
			children = (
				CAB2CCFC2356FB7500F6D4F8 /* Preview Assets.xcassets */,
			);
			path = "Preview Content";
			sourceTree = "<group>";
		};
		CAB2CD072357017F00F6D4F8 /* Models */ = {
			isa = PBXGroup;
			children = (
				CAB2CD08235701A000F6D4F8 /* NetworkManager.swift */,
				CAB2CD0A235702EE00F6D4F8 /* PostData.swift */,
			);
			path = Models;
			sourceTree = "<group>";
		};
		CAD82D3F2357106900933E9F /* Views */ = {
			isa = PBXGroup;
			children = (
				CAB2CCF72356FB7400F6D4F8 /* ContentView.swift */,
				CAD82D402357108200933E9F /* DetailView.swift */,
				CAD82D422357142200933E9F /* WebView.swift */,
			);
			path = Views;
			sourceTree = "<group>";
		};
/* End PBXGroup section */

/* Begin PBXNativeTarget section */
		CAB2CCEF2356FB7400F6D4F8 /* news from algolia */ = {
			isa = PBXNativeTarget;
			buildConfigurationList = CAB2CD042356FB7500F6D4F8 /* Build configuration list for PBXNativeTarget "news from algolia" */;
			buildPhases = (
				CAB2CCEC2356FB7400F6D4F8 /* Sources */,
				CAB2CCED2356FB7400F6D4F8 /* Frameworks */,
				CAB2CCEE2356FB7400F6D4F8 /* Resources */,
			);
			buildRules = (
			);
			dependencies = (
			);
			name = "news from algolia";
			productName = "news from algolia";
			productReference = CAB2CCF02356FB7400F6D4F8 /* news from algolia.app */;
			productType = "com.apple.product-type.application";
		};
/* End PBXNativeTarget section */

/* Begin PBXProject section */
		CAB2CCE82356FB7400F6D4F8 /* Project object */ = {
			isa = PBXProject;
			attributes = {
				LastSwiftUpdateCheck = 1100;
				LastUpgradeCheck = 1100;
				ORGANIZATIONNAME = "Oğuz Karatoruk";
				TargetAttributes = {
					CAB2CCEF2356FB7400F6D4F8 = {
						CreatedOnToolsVersion = 11.0;
					};
				};
			};
			buildConfigurationList = CAB2CCEB2356FB7400F6D4F8 /* Build configuration list for PBXProject "news from algolia" */;
			compatibilityVersion = "Xcode 9.3";
			developmentRegion = en;
			hasScannedForEncodings = 0;
			knownRegions = (
				en,
				Base,
			);
			mainGroup = CAB2CCE72356FB7400F6D4F8;
			productRefGroup = CAB2CCF12356FB7400F6D4F8 /* Products */;
			projectDirPath = "";
			projectRoot = "";
			targets = (
				CAB2CCEF2356FB7400F6D4F8 /* news from algolia */,
			);
		};
/* End PBXProject section */

/* Begin PBXResourcesBuildPhase section */
		CAB2CCEE2356FB7400F6D4F8 /* Resources */ = {
			isa = PBXResourcesBuildPhase;
			buildActionMask = 2147483647;
			files = (
				CAB2CD002356FB7500F6D4F8 /* LaunchScreen.storyboard in Resources */,
				CAB2CCFD2356FB7500F6D4F8 /* Preview Assets.xcassets in Resources */,
				CAB2CCFA2356FB7500F6D4F8 /* Assets.xcassets in Resources */,
			);
			runOnlyForDeploymentPostprocessing = 0;
		};
/* End PBXResourcesBuildPhase section */

/* Begin PBXSourcesBuildPhase section */
		CAB2CCEC2356FB7400F6D4F8 /* Sources */ = {
			isa = PBXSourcesBuildPhase;
			buildActionMask = 2147483647;
			files = (
				CAB2CD0B235702EE00F6D4F8 /* PostData.swift in Sources */,
				CAD82D412357108200933E9F /* DetailView.swift in Sources */,
				CAB2CD09235701A000F6D4F8 /* NetworkManager.swift in Sources */,
				CAB2CCF42356FB7400F6D4F8 /* AppDelegate.swift in Sources */,
				CAB2CCF62356FB7400F6D4F8 /* SceneDelegate.swift in Sources */,
				CAB2CCF82356FB7400F6D4F8 /* ContentView.swift in Sources */,
				CAD82D432357142200933E9F /* WebView.swift in Sources */,
			);
			runOnlyForDeploymentPostprocessing = 0;
		};
/* End PBXSourcesBuildPhase section */

/* Begin PBXVariantGroup section */
		CAB2CCFE2356FB7500F6D4F8 /* LaunchScreen.storyboard */ = {
			isa = PBXVariantGroup;
			children = (
				CAB2CCFF2356FB7500F6D4F8 /* Base */,
			);
			name = LaunchScreen.storyboard;
			sourceTree = "<group>";
		};
/* End PBXVariantGroup section */

/* Begin XCBuildConfiguration section */
		CAB2CD022356FB7500F6D4F8 /* Debug */ = {
			isa = XCBuildConfiguration;
			buildSettings = {
				ALWAYS_SEARCH_USER_PATHS = NO;
				CLANG_ANALYZER_NONNULL = YES;
				CLANG_ANALYZER_NUMBER_OBJECT_CONVERSION = YES_AGGRESSIVE;
				CLANG_CXX_LANGUAGE_STANDARD = "gnu++14";
				CLANG_CXX_LIBRARY = "libc++";
				CLANG_ENABLE_MODULES = YES;
				CLANG_ENABLE_OBJC_ARC = YES;
				CLANG_ENABLE_OBJC_WEAK = YES;
				CLANG_WARN_BLOCK_CAPTURE_AUTORELEASING = YES;
				CLANG_WARN_BOOL_CONVERSION = YES;
				CLANG_WARN_COMMA = YES;
				CLANG_WARN_CONSTANT_CONVERSION = YES;
				CLANG_WARN_DEPRECATED_OBJC_IMPLEMENTATIONS = YES;
				CLANG_WARN_DIRECT_OBJC_ISA_USAGE = YES_ERROR;
				CLANG_WARN_DOCUMENTATION_COMMENTS = YES;
				CLANG_WARN_EMPTY_BODY = YES;
				CLANG_WARN_ENUM_CONVERSION = YES;
				CLANG_WARN_INFINITE_RECURSION = YES;
				CLANG_WARN_INT_CONVERSION = YES;
				CLANG_WARN_NON_LITERAL_NULL_CONVERSION = YES;
				CLANG_WARN_OBJC_IMPLICIT_RETAIN_SELF = YES;
				CLANG_WARN_OBJC_LITERAL_CONVERSION = YES;
				CLANG_WARN_OBJC_ROOT_CLASS = YES_ERROR;
				CLANG_WARN_RANGE_LOOP_ANALYSIS = YES;
				CLANG_WARN_STRICT_PROTOTYPES = YES;
				CLANG_WARN_SUSPICIOUS_MOVE = YES;
				CLANG_WARN_UNGUARDED_AVAILABILITY = YES_AGGRESSIVE;
				CLANG_WARN_UNREACHABLE_CODE = YES;
				CLANG_WARN__DUPLICATE_METHOD_MATCH = YES;
				COPY_PHASE_STRIP = NO;
				DEBUG_INFORMATION_FORMAT = dwarf;
				ENABLE_STRICT_OBJC_MSGSEND = YES;
				ENABLE_TESTABILITY = YES;
				GCC_C_LANGUAGE_STANDARD = gnu11;
				GCC_DYNAMIC_NO_PIC = NO;
				GCC_NO_COMMON_BLOCKS = YES;
				GCC_OPTIMIZATION_LEVEL = 0;
				GCC_PREPROCESSOR_DEFINITIONS = (
					"DEBUG=1",
					"$(inherited)",
				);
				GCC_WARN_64_TO_32_BIT_CONVERSION = YES;
				GCC_WARN_ABOUT_RETURN_TYPE = YES_ERROR;
				GCC_WARN_UNDECLARED_SELECTOR = YES;
				GCC_WARN_UNINITIALIZED_AUTOS = YES_AGGRESSIVE;
				GCC_WARN_UNUSED_FUNCTION = YES;
				GCC_WARN_UNUSED_VARIABLE = YES;
				IPHONEOS_DEPLOYMENT_TARGET = 13.0;
				MTL_ENABLE_DEBUG_INFO = INCLUDE_SOURCE;
				MTL_FAST_MATH = YES;
				ONLY_ACTIVE_ARCH = YES;
				SDKROOT = iphoneos;
				SWIFT_ACTIVE_COMPILATION_CONDITIONS = DEBUG;
				SWIFT_OPTIMIZATION_LEVEL = "-Onone";
			};
			name = Debug;
		};
		CAB2CD032356FB7500F6D4F8 /* Release */ = {
			isa = XCBuildConfiguration;
			buildSettings = {
				ALWAYS_SEARCH_USER_PATHS = NO;
				CLANG_ANALYZER_NONNULL = YES;
				CLANG_ANALYZER_NUMBER_OBJECT_CONVERSION = YES_AGGRESSIVE;
				CLANG_CXX_LANGUAGE_STANDARD = "gnu++14";
				CLANG_CXX_LIBRARY = "libc++";
				CLANG_ENABLE_MODULES = YES;
				CLANG_ENABLE_OBJC_ARC = YES;
				CLANG_ENABLE_OBJC_WEAK = YES;
				CLANG_WARN_BLOCK_CAPTURE_AUTORELEASING = YES;
				CLANG_WARN_BOOL_CONVERSION = YES;
				CLANG_WARN_COMMA = YES;
				CLANG_WARN_CONSTANT_CONVERSION = YES;
				CLANG_WARN_DEPRECATED_OBJC_IMPLEMENTATIONS = YES;
				CLANG_WARN_DIRECT_OBJC_ISA_USAGE = YES_ERROR;
				CLANG_WARN_DOCUMENTATION_COMMENTS = YES;
				CLANG_WARN_EMPTY_BODY = YES;
				CLANG_WARN_ENUM_CONVERSION = YES;
				CLANG_WARN_INFINITE_RECURSION = YES;
				CLANG_WARN_INT_CONVERSION = YES;
				CLANG_WARN_NON_LITERAL_NULL_CONVERSION = YES;
				CLANG_WARN_OBJC_IMPLICIT_RETAIN_SELF = YES;
				CLANG_WARN_OBJC_LITERAL_CONVERSION = YES;
				CLANG_WARN_OBJC_ROOT_CLASS = YES_ERROR;
				CLANG_WARN_RANGE_LOOP_ANALYSIS = YES;
				CLANG_WARN_STRICT_PROTOTYPES = YES;
				CLANG_WARN_SUSPICIOUS_MOVE = YES;
				CLANG_WARN_UNGUARDED_AVAILABILITY = YES_AGGRESSIVE;
				CLANG_WARN_UNREACHABLE_CODE = YES;
				CLANG_WARN__DUPLICATE_METHOD_MATCH = YES;
				COPY_PHASE_STRIP = NO;
				DEBUG_INFORMATION_FORMAT = "dwarf-with-dsym";
				ENABLE_NS_ASSERTIONS = NO;
				ENABLE_STRICT_OBJC_MSGSEND = YES;
				GCC_C_LANGUAGE_STANDARD = gnu11;
				GCC_NO_COMMON_BLOCKS = YES;
				GCC_WARN_64_TO_32_BIT_CONVERSION = YES;
				GCC_WARN_ABOUT_RETURN_TYPE = YES_ERROR;
				GCC_WARN_UNDECLARED_SELECTOR = YES;
				GCC_WARN_UNINITIALIZED_AUTOS = YES_AGGRESSIVE;
				GCC_WARN_UNUSED_FUNCTION = YES;
				GCC_WARN_UNUSED_VARIABLE = YES;
				IPHONEOS_DEPLOYMENT_TARGET = 13.0;
				MTL_ENABLE_DEBUG_INFO = NO;
				MTL_FAST_MATH = YES;
				SDKROOT = iphoneos;
				SWIFT_COMPILATION_MODE = wholemodule;
				SWIFT_OPTIMIZATION_LEVEL = "-O";
				VALIDATE_PRODUCT = YES;
			};
			name = Release;
		};
		CAB2CD052356FB7500F6D4F8 /* Debug */ = {
			isa = XCBuildConfiguration;
			buildSettings = {
				ASSETCATALOG_COMPILER_APPICON_NAME = AppIcon;
				CODE_SIGN_STYLE = Automatic;
				DEVELOPMENT_ASSET_PATHS = "\"news from algolia/Preview Content\"";
				DEVELOPMENT_TEAM = C7WG386WRN;
				ENABLE_PREVIEWS = YES;
				INFOPLIST_FILE = "news from algolia/Info.plist";
				LD_RUNPATH_SEARCH_PATHS = (
					"$(inherited)",
					"@executable_path/Frameworks",
				);
				PRODUCT_BUNDLE_IDENTIFIER = "com.oguzkr.news-from-algolia";
				PRODUCT_NAME = "$(TARGET_NAME)";
				SWIFT_VERSION = 5.0;
				TARGETED_DEVICE_FAMILY = "1,2";
			};
			name = Debug;
		};
		CAB2CD062356FB7500F6D4F8 /* Release */ = {
			isa = XCBuildConfiguration;
			buildSettings = {
				ASSETCATALOG_COMPILER_APPICON_NAME = AppIcon;
				CODE_SIGN_STYLE = Automatic;
				DEVELOPMENT_ASSET_PATHS = "\"news from algolia/Preview Content\"";
				DEVELOPMENT_TEAM = C7WG386WRN;
				ENABLE_PREVIEWS = YES;
				INFOPLIST_FILE = "news from algolia/Info.plist";
				LD_RUNPATH_SEARCH_PATHS = (
					"$(inherited)",
					"@executable_path/Frameworks",
				);
				PRODUCT_BUNDLE_IDENTIFIER = "com.oguzkr.news-from-algolia";
				PRODUCT_NAME = "$(TARGET_NAME)";
				SWIFT_VERSION = 5.0;
				TARGETED_DEVICE_FAMILY = "1,2";
			};
			name = Release;
		};
/* End XCBuildConfiguration section */

/* Begin XCConfigurationList section */
		CAB2CCEB2356FB7400F6D4F8 /* Build configuration list for PBXProject "news from algolia" */ = {
			isa = XCConfigurationList;
			buildConfigurations = (
				CAB2CD022356FB7500F6D4F8 /* Debug */,
				CAB2CD032356FB7500F6D4F8 /* Release */,
			);
			defaultConfigurationIsVisible = 0;
			defaultConfigurationName = Release;
		};
		CAB2CD042356FB7500F6D4F8 /* Build configuration list for PBXNativeTarget "news from algolia" */ = {
			isa = XCConfigurationList;
			buildConfigurations = (
				CAB2CD052356FB7500F6D4F8 /* Debug */,
				CAB2CD062356FB7500F6D4F8 /* Release */,
			);
			defaultConfigurationIsVisible = 0;
			defaultConfigurationName = Release;
		};
/* End XCConfigurationList section */
	};
	rootObject = CAB2CCE82356FB7400F6D4F8 /* Project object */;
}
